
Microsoft Visual Studio Solution File, Format Version 12.00
# Visual Studio Version 17
VisualStudioVersion = 17.8.34330.188
MinimumVisualStudioVersion = 10.0.40219.1
Project("{FAE04EC0-301F-11D3-BF4B-00C04F79EFBC}") = "OopLab-02", "OopLab-02.csproj", "{6FA5A5A8-53FB-496B-A701-933F4E5AC3F3}"
EndProject
Global
	GlobalSection(SolutionConfigurationPlatforms) = preSolution
		Debug|Any CPU = Debug|Any CPU
		Release|Any CPU = Release|Any CPU
	EndGlobalSection
	GlobalSection(ProjectConfigurationPlatforms) = postSolution
		{6FA5A5A8-53FB-496B-A701-933F4E5AC3F3}.Debug|Any CPU.ActiveCfg = Debug|Any CPU
		{6FA5A5A8-53FB-496B-A701-933F4E5AC3F3}.Debug|Any CPU.Build.0 = Debug|Any CPU
		{6FA5A5A8-53FB-496B-A701-933F4E5AC3F3}.Release|Any CPU.ActiveCfg = Release|Any CPU
		{6FA5A5A8-53FB-496B-A701-933F4E5AC3F3}.Release|Any CPU.Build.0 = Release|Any CPU
	EndGlobalSection
	GlobalSection(SolutionProperties) = preSolution
		HideSolutionNode = FALSE
	EndGlobalSection
	GlobalSection(ExtensibilityGlobals) = postSolution
		SolutionGuid = {864DB008-B988-4DA7-B605-DD67F8B0CD03}
	EndGlobalSection
EndGlobal
